
Microsoft Visual Studio Solution File, Format Version 12.00
# Visual Studio Version 17
VisualStudioVersion = 17.7.34221.43
MinimumVisualStudioVersion = 10.0.40219.1
Project("{9A19103F-16F7-4668-BE54-9A1E7A4F7556}") = "VendingMachineAPI", "VendingMachineAPI\VendingMachineAPI.csproj", "{0CD7CD9C-3761-4AC6-AB5C-0EBD5A70D073}"
EndProject
Project("{FAE04EC0-301F-11D3-BF4B-00C04F79EFBC}") = "VendingMachineAPITests", "VendingMachineAPITests\VendingMachineAPITests.csproj", "{7E33257F-ED87-4B69-8478-F4A60006BA32}"
EndProject
Global
	GlobalSection(SolutionConfigurationPlatforms) = preSolution
		Debug|Any CPU = Debug|Any CPU
		Release|Any CPU = Release|Any CPU
	EndGlobalSection
	GlobalSection(ProjectConfigurationPlatforms) = postSolution
		{0CD7CD9C-3761-4AC6-AB5C-0EBD5A70D073}.Debug|Any CPU.ActiveCfg = Debug|Any CPU
		{0CD7CD9C-3761-4AC6-AB5C-0EBD5A70D073}.Debug|Any CPU.Build.0 = Debug|Any CPU
		{0CD7CD9C-3761-4AC6-AB5C-0EBD5A70D073}.Release|Any CPU.ActiveCfg = Release|Any CPU
		{0CD7CD9C-3761-4AC6-AB5C-0EBD5A70D073}.Release|Any CPU.Build.0 = Release|Any CPU
		{7E33257F-ED87-4B69-8478-F4A60006BA32}.Debug|Any CPU.ActiveCfg = Debug|Any CPU
		{7E33257F-ED87-4B69-8478-F4A60006BA32}.Debug|Any CPU.Build.0 = Debug|Any CPU
		{7E33257F-ED87-4B69-8478-F4A60006BA32}.Release|Any CPU.ActiveCfg = Release|Any CPU
		{7E33257F-ED87-4B69-8478-F4A60006BA32}.Release|Any CPU.Build.0 = Release|Any CPU
	EndGlobalSection
	GlobalSection(SolutionProperties) = preSolution
		HideSolutionNode = FALSE
	EndGlobalSection
	GlobalSection(ExtensibilityGlobals) = postSolution
		SolutionGuid = {E9B8984B-5DC7-4F39-B514-394818DBFCC0}
	EndGlobalSection
EndGlobal
